
Microsoft Visual Studio Solution File, Format Version 12.00
Project("{FAE04EC0-301F-11D3-BF4B-00C04F79EFBC}") = "GradingSwitchCase", "GradingSwitchCase\GradingSwitchCase.csproj", "{74489A26-1D72-46E5-987B-BCD5F6A3BC7A}"
EndProject
Global
	GlobalSection(SolutionConfigurationPlatforms) = preSolution
		Debug|Any CPU = Debug|Any CPU
		Release|Any CPU = Release|Any CPU
	EndGlobalSection
	GlobalSection(ProjectConfigurationPlatforms) = postSolution
		{74489A26-1D72-46E5-987B-BCD5F6A3BC7A}.Debug|Any CPU.ActiveCfg = Debug|Any CPU
		{74489A26-1D72-46E5-987B-BCD5F6A3BC7A}.Debug|Any CPU.Build.0 = Debug|Any CPU
		{74489A26-1D72-46E5-987B-BCD5F6A3BC7A}.Release|Any CPU.ActiveCfg = Release|Any CPU
		{74489A26-1D72-46E5-987B-BCD5F6A3BC7A}.Release|Any CPU.Build.0 = Release|Any CPU
	EndGlobalSection
EndGlobal
