
Microsoft Visual Studio Solution File, Format Version 12.00
# Visual Studio Version 17
VisualStudioVersion = 17.5.002.0
MinimumVisualStudioVersion = 10.0.40219.1
Project("{9A19103F-16F7-4668-BE54-9A1E7A4F7556}") = "ComputerInventoryAPI", "ComputerInventoryAPI.csproj", "{B2F4E417-7D33-4E6D-B9E4-1B73760C92EB}"
EndProject
Global
	GlobalSection(SolutionConfigurationPlatforms) = preSolution
		Debug|Any CPU = Debug|Any CPU
		Release|Any CPU = Release|Any CPU
	EndGlobalSection
	GlobalSection(ProjectConfigurationPlatforms) = postSolution
		{B2F4E417-7D33-4E6D-B9E4-1B73760C92EB}.Debug|Any CPU.ActiveCfg = Debug|Any CPU
		{B2F4E417-7D33-4E6D-B9E4-1B73760C92EB}.Debug|Any CPU.Build.0 = Debug|Any CPU
		{B2F4E417-7D33-4E6D-B9E4-1B73760C92EB}.Release|Any CPU.ActiveCfg = Release|Any CPU
		{B2F4E417-7D33-4E6D-B9E4-1B73760C92EB}.Release|Any CPU.Build.0 = Release|Any CPU
	EndGlobalSection
	GlobalSection(SolutionProperties) = preSolution
		HideSolutionNode = FALSE
	EndGlobalSection
	GlobalSection(ExtensibilityGlobals) = postSolution
		SolutionGuid = {5320040D-D0C4-4BAD-8654-196C18A2C540}
	EndGlobalSection
EndGlobal
