
Microsoft Visual Studio Solution File, Format Version 12.00
Project("{FAE04EC0-301F-11D3-BF4B-00C04F79EFBC}") = "UsernameGenerator", "UsernameGenerator\UsernameGenerator.csproj", "{B0320572-72C3-4096-B7C7-E84E98CE123E}"
EndProject
Global
	GlobalSection(SolutionConfigurationPlatforms) = preSolution
		Debug|Any CPU = Debug|Any CPU
		Release|Any CPU = Release|Any CPU
	EndGlobalSection
	GlobalSection(ProjectConfigurationPlatforms) = postSolution
		{B0320572-72C3-4096-B7C7-E84E98CE123E}.Debug|Any CPU.ActiveCfg = Debug|Any CPU
		{B0320572-72C3-4096-B7C7-E84E98CE123E}.Debug|Any CPU.Build.0 = Debug|Any CPU
		{B0320572-72C3-4096-B7C7-E84E98CE123E}.Release|Any CPU.ActiveCfg = Release|Any CPU
		{B0320572-72C3-4096-B7C7-E84E98CE123E}.Release|Any CPU.Build.0 = Release|Any CPU
	EndGlobalSection
EndGlobal
