
Microsoft Visual Studio Solution File, Format Version 12.00
Project("{FAE04EC0-301F-11D3-BF4B-00C04F79EFBC}") = "SimpleMVC", "SimpleMVC\SimpleMVC.csproj", "{4EDF275C-61A5-433D-BDBD-63D7E0EEDAB4}"
EndProject
Project("{FAE04EC0-301F-11D3-BF4B-00C04F79EFBC}") = "GarageControllerTests", "GarageControllerTests\GarageControllerTests.csproj", "{8E6F2213-B161-4CEA-98D5-8723A62398F6}"
EndProject
Global
	GlobalSection(SolutionConfigurationPlatforms) = preSolution
		Debug|Any CPU = Debug|Any CPU
		Release|Any CPU = Release|Any CPU
	EndGlobalSection
	GlobalSection(ProjectConfigurationPlatforms) = postSolution
		{4EDF275C-61A5-433D-BDBD-63D7E0EEDAB4}.Debug|Any CPU.ActiveCfg = Debug|Any CPU
		{4EDF275C-61A5-433D-BDBD-63D7E0EEDAB4}.Debug|Any CPU.Build.0 = Debug|Any CPU
		{4EDF275C-61A5-433D-BDBD-63D7E0EEDAB4}.Release|Any CPU.ActiveCfg = Release|Any CPU
		{4EDF275C-61A5-433D-BDBD-63D7E0EEDAB4}.Release|Any CPU.Build.0 = Release|Any CPU
		{8E6F2213-B161-4CEA-98D5-8723A62398F6}.Debug|Any CPU.ActiveCfg = Debug|Any CPU
		{8E6F2213-B161-4CEA-98D5-8723A62398F6}.Debug|Any CPU.Build.0 = Debug|Any CPU
		{8E6F2213-B161-4CEA-98D5-8723A62398F6}.Release|Any CPU.ActiveCfg = Release|Any CPU
		{8E6F2213-B161-4CEA-98D5-8723A62398F6}.Release|Any CPU.Build.0 = Release|Any CPU
	EndGlobalSection
EndGlobal
